
Microsoft Visual Studio Solution File, Format Version 12.00
# Visual Studio Version 17
VisualStudioVersion = 17.4.33213.308
MinimumVisualStudioVersion = 10.0.40219.1
Project("{FAE04EC0-301F-11D3-BF4B-00C04F79EFBC}") = "Airline", "Airline\Airline.csproj", "{001924DF-8498-4DB1-83EF-EF896A59EE99}"
EndProject
Global
	GlobalSection(SolutionConfigurationPlatforms) = preSolution
		Debug|Any CPU = Debug|Any CPU
		Release|Any CPU = Release|Any CPU
	EndGlobalSection
	GlobalSection(ProjectConfigurationPlatforms) = postSolution
		{001924DF-8498-4DB1-83EF-EF896A59EE99}.Debug|Any CPU.ActiveCfg = Debug|Any CPU
		{001924DF-8498-4DB1-83EF-EF896A59EE99}.Debug|Any CPU.Build.0 = Debug|Any CPU
		{001924DF-8498-4DB1-83EF-EF896A59EE99}.Release|Any CPU.ActiveCfg = Release|Any CPU
		{001924DF-8498-4DB1-83EF-EF896A59EE99}.Release|Any CPU.Build.0 = Release|Any CPU
	EndGlobalSection
	GlobalSection(SolutionProperties) = preSolution
		HideSolutionNode = FALSE
	EndGlobalSection
	GlobalSection(ExtensibilityGlobals) = postSolution
		SolutionGuid = {768AF839-4C88-4936-ADD8-4203893CFE6F}
	EndGlobalSection
EndGlobal
